
Microsoft Visual Studio Solution File, Format Version 12.00
# Visual Studio Version 17
VisualStudioVersion = 17.4.33213.308
MinimumVisualStudioVersion = 10.0.40219.1
Project("{FAE04EC0-301F-11D3-BF4B-00C04F79EFBC}") = "Software_Testing_Project", "Software_Testing_Project\Software_Testing_Project.csproj", "{53A8B6C4-6294-404C-89CA-254946C78427}"
EndProject
Global
	GlobalSection(SolutionConfigurationPlatforms) = preSolution
		Debug|Any CPU = Debug|Any CPU
		Release|Any CPU = Release|Any CPU
	EndGlobalSection
	GlobalSection(ProjectConfigurationPlatforms) = postSolution
		{53A8B6C4-6294-404C-89CA-254946C78427}.Debug|Any CPU.ActiveCfg = Debug|Any CPU
		{53A8B6C4-6294-404C-89CA-254946C78427}.Debug|Any CPU.Build.0 = Debug|Any CPU
		{53A8B6C4-6294-404C-89CA-254946C78427}.Release|Any CPU.ActiveCfg = Release|Any CPU
		{53A8B6C4-6294-404C-89CA-254946C78427}.Release|Any CPU.Build.0 = Release|Any CPU
	EndGlobalSection
	GlobalSection(SolutionProperties) = preSolution
		HideSolutionNode = FALSE
	EndGlobalSection
	GlobalSection(ExtensibilityGlobals) = postSolution
		SolutionGuid = {A41FA6ED-BBCA-46F1-A328-A70FB77C5E81}
	EndGlobalSection
EndGlobal
